
Microsoft Visual Studio Solution File, Format Version 12.00
# Visual Studio Version 17
VisualStudioVersion = 17.0.31903.59
MinimumVisualStudioVersion = 10.0.40219.1
Project("{2150E333-8FDC-42A3-9474-1A3956D46DE8}") = "src", "src", "{FF2596E5-11F2-4967-ADF9-43DA69969AE6}"
EndProject
Project("{9A19103F-16F7-4668-BE54-9A1E7A4F7556}") = "Hello", "src\Hello\Hello.ilproj", "{40CB4C87-DAC0-4F8C-8B88-4864976DB476}"
EndProject
Project("{9A19103F-16F7-4668-BE54-9A1E7A4F7556}") = "HelloLib", "src\HelloLib\HelloLib.ilproj", "{294E09DF-BC6B-4271-AB6C-7D56F0336A47}"
EndProject
Project("{2150E333-8FDC-42A3-9474-1A3956D46DE8}") = "tests", "tests", "{DC6A8B43-0171-499C-AD70-FFD801D314CE}"
EndProject
Project("{FAE04EC0-301F-11D3-BF4B-00C04F79EFBC}") = "HelloLib.Tests", "tests\HelloLib.Tests\HelloLib.Tests.csproj", "{EB0C1CF1-6E44-40A2-B426-4025C967F81E}"
EndProject
Project("{FAE04EC0-301F-11D3-BF4B-00C04F79EFBC}") = "ClassLibrary1", "src\ClassLibrary1\ClassLibrary1.csproj", "{6A02F14E-1EB2-46C0-8E28-0938B67F1416}"
EndProject
Global
	GlobalSection(SolutionConfigurationPlatforms) = preSolution
		Debug|Any CPU = Debug|Any CPU
		Release|Any CPU = Release|Any CPU
	EndGlobalSection
	GlobalSection(SolutionProperties) = preSolution
		HideSolutionNode = FALSE
	EndGlobalSection
	GlobalSection(ProjectConfigurationPlatforms) = postSolution
		{40CB4C87-DAC0-4F8C-8B88-4864976DB476}.Debug|Any CPU.ActiveCfg = Debug|Any CPU
		{40CB4C87-DAC0-4F8C-8B88-4864976DB476}.Debug|Any CPU.Build.0 = Debug|Any CPU
		{40CB4C87-DAC0-4F8C-8B88-4864976DB476}.Release|Any CPU.ActiveCfg = Release|Any CPU
		{40CB4C87-DAC0-4F8C-8B88-4864976DB476}.Release|Any CPU.Build.0 = Release|Any CPU
		{294E09DF-BC6B-4271-AB6C-7D56F0336A47}.Debug|Any CPU.ActiveCfg = Debug|Any CPU
		{294E09DF-BC6B-4271-AB6C-7D56F0336A47}.Debug|Any CPU.Build.0 = Debug|Any CPU
		{294E09DF-BC6B-4271-AB6C-7D56F0336A47}.Release|Any CPU.ActiveCfg = Release|Any CPU
		{294E09DF-BC6B-4271-AB6C-7D56F0336A47}.Release|Any CPU.Build.0 = Release|Any CPU
		{EB0C1CF1-6E44-40A2-B426-4025C967F81E}.Debug|Any CPU.ActiveCfg = Debug|Any CPU
		{EB0C1CF1-6E44-40A2-B426-4025C967F81E}.Debug|Any CPU.Build.0 = Debug|Any CPU
		{EB0C1CF1-6E44-40A2-B426-4025C967F81E}.Release|Any CPU.ActiveCfg = Release|Any CPU
		{EB0C1CF1-6E44-40A2-B426-4025C967F81E}.Release|Any CPU.Build.0 = Release|Any CPU
		{6A02F14E-1EB2-46C0-8E28-0938B67F1416}.Debug|Any CPU.ActiveCfg = Debug|Any CPU
		{6A02F14E-1EB2-46C0-8E28-0938B67F1416}.Debug|Any CPU.Build.0 = Debug|Any CPU
		{6A02F14E-1EB2-46C0-8E28-0938B67F1416}.Release|Any CPU.ActiveCfg = Release|Any CPU
		{6A02F14E-1EB2-46C0-8E28-0938B67F1416}.Release|Any CPU.Build.0 = Release|Any CPU
	EndGlobalSection
	GlobalSection(NestedProjects) = preSolution
		{40CB4C87-DAC0-4F8C-8B88-4864976DB476} = {FF2596E5-11F2-4967-ADF9-43DA69969AE6}
		{294E09DF-BC6B-4271-AB6C-7D56F0336A47} = {FF2596E5-11F2-4967-ADF9-43DA69969AE6}
		{EB0C1CF1-6E44-40A2-B426-4025C967F81E} = {DC6A8B43-0171-499C-AD70-FFD801D314CE}
		{6A02F14E-1EB2-46C0-8E28-0938B67F1416} = {FF2596E5-11F2-4967-ADF9-43DA69969AE6}
	EndGlobalSection
EndGlobal
